
Microsoft Visual Studio Solution File, Format Version 12.00
# Visual Studio 15
VisualStudioVersion = 15.0.26730.15
MinimumVisualStudioVersion = 10.0.40219.1
Project("{FAE04EC0-301F-11D3-BF4B-00C04F79EFBC}") = "PangaautomaatS", "PangaautomaatS\PangaautomaatS.csproj", "{182134EA-BACD-450D-B1CC-170C2CBBC619}"
EndProject
Global
	GlobalSection(SolutionConfigurationPlatforms) = preSolution
		Debug|Any CPU = Debug|Any CPU
		Release|Any CPU = Release|Any CPU
	EndGlobalSection
	GlobalSection(ProjectConfigurationPlatforms) = postSolution
		{182134EA-BACD-450D-B1CC-170C2CBBC619}.Debug|Any CPU.ActiveCfg = Debug|Any CPU
		{182134EA-BACD-450D-B1CC-170C2CBBC619}.Debug|Any CPU.Build.0 = Debug|Any CPU
		{182134EA-BACD-450D-B1CC-170C2CBBC619}.Release|Any CPU.ActiveCfg = Release|Any CPU
		{182134EA-BACD-450D-B1CC-170C2CBBC619}.Release|Any CPU.Build.0 = Release|Any CPU
	EndGlobalSection
	GlobalSection(SolutionProperties) = preSolution
		HideSolutionNode = FALSE
	EndGlobalSection
	GlobalSection(ExtensibilityGlobals) = postSolution
		SolutionGuid = {DA3EA2A7-C377-4F66-8222-50633CADBFAE}
	EndGlobalSection
EndGlobal
